// !$*UTF8*$!
{
	archiveVersion = 1;
	classes = {
	};
	objectVersion = 46;
	objects = {

/* Begin PBXBuildFile section */
		84A4264C1CBC964C00CAC2F2 /* AppDelegate.swift in Sources */ = {isa = PBXBuildFile; fileRef = 84A4264B1CBC964C00CAC2F2 /* AppDelegate.swift */; };
		84A4264E1CBC964C00CAC2F2 /* ViewController.swift in Sources */ = {isa = PBXBuildFile; fileRef = 84A4264D1CBC964C00CAC2F2 /* ViewController.swift */; };
		84A426511CBC964C00CAC2F2 /* Main.storyboard in Resources */ = {isa = PBXBuildFile; fileRef = 84A4264F1CBC964C00CAC2F2 /* Main.storyboard */; };
		84A426531CBC964C00CAC2F2 /* Assets.xcassets in Resources */ = {isa = PBXBuildFile; fileRef = 84A426521CBC964C00CAC2F2 /* Assets.xcassets */; };
		84A426561CBC964C00CAC2F2 /* LaunchScreen.storyboard in Resources */ = {isa = PBXBuildFile; fileRef = 84A426541CBC964C00CAC2F2 /* LaunchScreen.storyboard */; };
		84A426611CBC964C00CAC2F2 /* Simple_TableTests.swift in Sources */ = {isa = PBXBuildFile; fileRef = 84A426601CBC964C00CAC2F2 /* Simple_TableTests.swift */; };
		84A4266C1CBC964C00CAC2F2 /* Simple_TableUITests.swift in Sources */ = {isa = PBXBuildFile; fileRef = 84A4266B1CBC964C00CAC2F2 /* Simple_TableUITests.swift */; };
/* End PBXBuildFile section */

/* Begin PBXContainerItemProxy section */
		84A4265D1CBC964C00CAC2F2 /* PBXContainerItemProxy */ = {
			isa = PBXContainerItemProxy;
			containerPortal = 84A426401CBC964B00CAC2F2 /* Project object */;
			proxyType = 1;
			remoteGlobalIDString = 84A426471CBC964B00CAC2F2;
			remoteInfo = "Simple Table";
		};
		84A426681CBC964C00CAC2F2 /* PBXContainerItemProxy */ = {
			isa = PBXContainerItemProxy;
			containerPortal = 84A426401CBC964B00CAC2F2 /* Project object */;
			proxyType = 1;
			remoteGlobalIDString = 84A426471CBC964B00CAC2F2;
			remoteInfo = "Simple Table";
		};
/* End PBXContainerItemProxy section */

/* Begin PBXFileReference section */
		84A426481CBC964B00CAC2F2 /* Simple Table.app */ = {isa = PBXFileReference; explicitFileType = wrapper.application; includeInIndex = 0; path = "Simple Table.app"; sourceTree = BUILT_PRODUCTS_DIR; };
		84A4264B1CBC964C00CAC2F2 /* AppDelegate.swift */ = {isa = PBXFileReference; lastKnownFileType = sourcecode.swift; path = AppDelegate.swift; sourceTree = "<group>"; };
		84A4264D1CBC964C00CAC2F2 /* ViewController.swift */ = {isa = PBXFileReference; lastKnownFileType = sourcecode.swift; path = ViewController.swift; sourceTree = "<group>"; };
		84A426501CBC964C00CAC2F2 /* Base */ = {isa = PBXFileReference; lastKnownFileType = file.storyboard; name = Base; path = Base.lproj/Main.storyboard; sourceTree = "<group>"; };
		84A426521CBC964C00CAC2F2 /* Assets.xcassets */ = {isa = PBXFileReference; lastKnownFileType = folder.assetcatalog; path = Assets.xcassets; sourceTree = "<group>"; };
		84A426551CBC964C00CAC2F2 /* Base */ = {isa = PBXFileReference; lastKnownFileType = file.storyboard; name = Base; path = Base.lproj/LaunchScreen.storyboard; sourceTree = "<group>"; };
		84A426571CBC964C00CAC2F2 /* Info.plist */ = {isa = PBXFileReference; lastKnownFileType = text.plist.xml; path = Info.plist; sourceTree = "<group>"; };
		84A4265C1CBC964C00CAC2F2 /* Simple TableTests.xctest */ = {isa = PBXFileReference; explicitFileType = wrapper.cfbundle; includeInIndex = 0; path = "Simple TableTests.xctest"; sourceTree = BUILT_PRODUCTS_DIR; };
		84A426601CBC964C00CAC2F2 /* Simple_TableTests.swift */ = {isa = PBXFileReference; lastKnownFileType = sourcecode.swift; path = Simple_TableTests.swift; sourceTree = "<group>"; };
		84A426621CBC964C00CAC2F2 /* Info.plist */ = {isa = PBXFileReference; lastKnownFileType = text.plist.xml; path = Info.plist; sourceTree = "<group>"; };
		84A426671CBC964C00CAC2F2 /* Simple TableUITests.xctest */ = {isa = PBXFileReference; explicitFileType = wrapper.cfbundle; includeInIndex = 0; path = "Simple TableUITests.xctest"; sourceTree = BUILT_PRODUCTS_DIR; };
		84A4266B1CBC964C00CAC2F2 /* Simple_TableUITests.swift */ = {isa = PBXFileReference; lastKnownFileType = sourcecode.swift; path = Simple_TableUITests.swift; sourceTree = "<group>"; };
		84A4266D1CBC964C00CAC2F2 /* Info.plist */ = {isa = PBXFileReference; lastKnownFileType = text.plist.xml; path = Info.plist; sourceTree = "<group>"; };
/* End PBXFileReference section */

/* Begin PBXFrameworksBuildPhase section */
		84A426451CBC964B00CAC2F2 /* Frameworks */ = {
			isa = PBXFrameworksBuildPhase;
			buildActionMask = 2147483647;
			files = (
			);
			runOnlyForDeploymentPostprocessing = 0;
		};
		84A426591CBC964C00CAC2F2 /* Frameworks */ = {
			isa = PBXFrameworksBuildPhase;
			buildActionMask = 2147483647;
			files = (
			);
			runOnlyForDeploymentPostprocessing = 0;
		};
		84A426641CBC964C00CAC2F2 /* Frameworks */ = {
			isa = PBXFrameworksBuildPhase;
			buildActionMask = 2147483647;
			files = (
			);
			runOnlyForDeploymentPostprocessing = 0;
		};
/* End PBXFrameworksBuildPhase section */

/* Begin PBXGroup section */
		84A4263F1CBC964B00CAC2F2 = {
			isa = PBXGroup;
			children = (
				84A4264A1CBC964B00CAC2F2 /* Simple Table */,
				84A4265F1CBC964C00CAC2F2 /* Simple TableTests */,
				84A4266A1CBC964C00CAC2F2 /* Simple TableUITests */,
				84A426491CBC964B00CAC2F2 /* Products */,
			);
			sourceTree = "<group>";
		};
		84A426491CBC964B00CAC2F2 /* Products */ = {
			isa = PBXGroup;
			children = (
				84A426481CBC964B00CAC2F2 /* Simple Table.app */,
				84A4265C1CBC964C00CAC2F2 /* Simple TableTests.xctest */,
				84A426671CBC964C00CAC2F2 /* Simple TableUITests.xctest */,
			);
			name = Products;
			sourceTree = "<group>";
		};
		84A4264A1CBC964B00CAC2F2 /* Simple Table */ = {
			isa = PBXGroup;
			children = (
				84A4264B1CBC964C00CAC2F2 /* AppDelegate.swift */,
				84A4264D1CBC964C00CAC2F2 /* ViewController.swift */,
				84A4264F1CBC964C00CAC2F2 /* Main.storyboard */,
				84A426521CBC964C00CAC2F2 /* Assets.xcassets */,
				84A426541CBC964C00CAC2F2 /* LaunchScreen.storyboard */,
				84A426571CBC964C00CAC2F2 /* Info.plist */,
			);
			path = "Simple Table";
			sourceTree = "<group>";
		};
		84A4265F1CBC964C00CAC2F2 /* Simple TableTests */ = {
			isa = PBXGroup;
			children = (
				84A426601CBC964C00CAC2F2 /* Simple_TableTests.swift */,
				84A426621CBC964C00CAC2F2 /* Info.plist */,
			);
			path = "Simple TableTests";
			sourceTree = "<group>";
		};
		84A4266A1CBC964C00CAC2F2 /* Simple TableUITests */ = {
			isa = PBXGroup;
			children = (
				84A4266B1CBC964C00CAC2F2 /* Simple_TableUITests.swift */,
				84A4266D1CBC964C00CAC2F2 /* Info.plist */,
			);
			path = "Simple TableUITests";
			sourceTree = "<group>";
		};
/* End PBXGroup section */

/* Begin PBXNativeTarget section */
		84A426471CBC964B00CAC2F2 /* Simple Table */ = {
			isa = PBXNativeTarget;
			buildConfigurationList = 84A426701CBC964C00CAC2F2 /* Build configuration list for PBXNativeTarget "Simple Table" */;
			buildPhases = (
				84A426441CBC964B00CAC2F2 /* Sources */,
				84A426451CBC964B00CAC2F2 /* Frameworks */,
				84A426461CBC964B00CAC2F2 /* Resources */,
			);
			buildRules = (
			);
			dependencies = (
			);
			name = "Simple Table";
			productName = "Simple Table";
			productReference = 84A426481CBC964B00CAC2F2 /* Simple Table.app */;
			productType = "com.apple.product-type.application";
		};
		84A4265B1CBC964C00CAC2F2 /* Simple TableTests */ = {
			isa = PBXNativeTarget;
			buildConfigurationList = 84A426731CBC964C00CAC2F2 /* Build configuration list for PBXNativeTarget "Simple TableTests" */;
			buildPhases = (
				84A426581CBC964C00CAC2F2 /* Sources */,
				84A426591CBC964C00CAC2F2 /* Frameworks */,
				84A4265A1CBC964C00CAC2F2 /* Resources */,
			);
			buildRules = (
			);
			dependencies = (
				84A4265E1CBC964C00CAC2F2 /* PBXTargetDependency */,
			);
			name = "Simple TableTests";
			productName = "Simple TableTests";
			productReference = 84A4265C1CBC964C00CAC2F2 /* Simple TableTests.xctest */;
			productType = "com.apple.product-type.bundle.unit-test";
		};
		84A426661CBC964C00CAC2F2 /* Simple TableUITests */ = {
			isa = PBXNativeTarget;
			buildConfigurationList = 84A426761CBC964C00CAC2F2 /* Build configuration list for PBXNativeTarget "Simple TableUITests" */;
			buildPhases = (
				84A426631CBC964C00CAC2F2 /* Sources */,
				84A426641CBC964C00CAC2F2 /* Frameworks */,
				84A426651CBC964C00CAC2F2 /* Resources */,
			);
			buildRules = (
			);
			dependencies = (
				84A426691CBC964C00CAC2F2 /* PBXTargetDependency */,
			);
			name = "Simple TableUITests";
			productName = "Simple TableUITests";
			productReference = 84A426671CBC964C00CAC2F2 /* Simple TableUITests.xctest */;
			productType = "com.apple.product-type.bundle.ui-testing";
		};
/* End PBXNativeTarget section */

/* Begin PBXProject section */
		84A426401CBC964B00CAC2F2 /* Project object */ = {
			isa = PBXProject;
			attributes = {
				LastSwiftUpdateCheck = 0720;
				LastUpgradeCheck = 0720;
				ORGANIZATIONNAME = Morra;
				TargetAttributes = {
					84A426471CBC964B00CAC2F2 = {
						CreatedOnToolsVersion = 7.2.1;
					};
					84A4265B1CBC964C00CAC2F2 = {
						CreatedOnToolsVersion = 7.2.1;
						TestTargetID = 84A426471CBC964B00CAC2F2;
					};
					84A426661CBC964C00CAC2F2 = {
						CreatedOnToolsVersion = 7.2.1;
						TestTargetID = 84A426471CBC964B00CAC2F2;
					};
				};
			};
			buildConfigurationList = 84A426431CBC964B00CAC2F2 /* Build configuration list for PBXProject "Simple Table" */;
			compatibilityVersion = "Xcode 3.2";
			developmentRegion = English;
			hasScannedForEncodings = 0;
			knownRegions = (
				en,
				Base,
			);
			mainGroup = 84A4263F1CBC964B00CAC2F2;
			productRefGroup = 84A426491CBC964B00CAC2F2 /* Products */;
			projectDirPath = "";
			projectRoot = "";
			targets = (
				84A426471CBC964B00CAC2F2 /* Simple Table */,
				84A4265B1CBC964C00CAC2F2 /* Simple TableTests */,
				84A426661CBC964C00CAC2F2 /* Simple TableUITests */,
			);
		};
/* End PBXProject section */

/* Begin PBXResourcesBuildPhase section */
		84A426461CBC964B00CAC2F2 /* Resources */ = {
			isa = PBXResourcesBuildPhase;
			buildActionMask = 2147483647;
			files = (
				84A426561CBC964C00CAC2F2 /* LaunchScreen.storyboard in Resources */,
				84A426531CBC964C00CAC2F2 /* Assets.xcassets in Resources */,
				84A426511CBC964C00CAC2F2 /* Main.storyboard in Resources */,
			);
			runOnlyForDeploymentPostprocessing = 0;
		};
		84A4265A1CBC964C00CAC2F2 /* Resources */ = {
			isa = PBXResourcesBuildPhase;
			buildActionMask = 2147483647;
			files = (
			);
			runOnlyForDeploymentPostprocessing = 0;
		};
		84A426651CBC964C00CAC2F2 /* Resources */ = {
			isa = PBXResourcesBuildPhase;
			buildActionMask = 2147483647;
			files = (
			);
			runOnlyForDeploymentPostprocessing = 0;
		};
/* End PBXResourcesBuildPhase section */

/* Begin PBXSourcesBuildPhase section */
		84A426441CBC964B00CAC2F2 /* Sources */ = {
			isa = PBXSourcesBuildPhase;
			buildActionMask = 2147483647;
			files = (
				84A4264E1CBC964C00CAC2F2 /* ViewController.swift in Sources */,
				84A4264C1CBC964C00CAC2F2 /* AppDelegate.swift in Sources */,
			);
			runOnlyForDeploymentPostprocessing = 0;
		};
		84A426581CBC964C00CAC2F2 /* Sources */ = {
			isa = PBXSourcesBuildPhase;
			buildActionMask = 2147483647;
			files = (
				84A426611CBC964C00CAC2F2 /* Simple_TableTests.swift in Sources */,
			);
			runOnlyForDeploymentPostprocessing = 0;
		};
		84A426631CBC964C00CAC2F2 /* Sources */ = {
			isa = PBXSourcesBuildPhase;
			buildActionMask = 2147483647;
			files = (
				84A4266C1CBC964C00CAC2F2 /* Simple_TableUITests.swift in Sources */,
			);
			runOnlyForDeploymentPostprocessing = 0;
		};
/* End PBXSourcesBuildPhase section */

/* Begin PBXTargetDependency section */
		84A4265E1CBC964C00CAC2F2 /* PBXTargetDependency */ = {
			isa = PBXTargetDependency;
			target = 84A426471CBC964B00CAC2F2 /* Simple Table */;
			targetProxy = 84A4265D1CBC964C00CAC2F2 /* PBXContainerItemProxy */;
		};
		84A426691CBC964C00CAC2F2 /* PBXTargetDependency */ = {
			isa = PBXTargetDependency;
			target = 84A426471CBC964B00CAC2F2 /* Simple Table */;
			targetProxy = 84A426681CBC964C00CAC2F2 /* PBXContainerItemProxy */;
		};
/* End PBXTargetDependency section */

/* Begin PBXVariantGroup section */
		84A4264F1CBC964C00CAC2F2 /* Main.storyboard */ = {
			isa = PBXVariantGroup;
			children = (
				84A426501CBC964C00CAC2F2 /* Base */,
			);
			name = Main.storyboard;
			sourceTree = "<group>";
		};
		84A426541CBC964C00CAC2F2 /* LaunchScreen.storyboard */ = {
			isa = PBXVariantGroup;
			children = (
				84A426551CBC964C00CAC2F2 /* Base */,
			);
			name = LaunchScreen.storyboard;
			sourceTree = "<group>";
		};
/* End PBXVariantGroup section */

/* Begin XCBuildConfiguration section */
		84A4266E1CBC964C00CAC2F2 /* Debug */ = {
			isa = XCBuildConfiguration;
			buildSettings = {
				ALWAYS_SEARCH_USER_PATHS = NO;
				CLANG_CXX_LANGUAGE_STANDARD = "gnu++0x";
				CLANG_CXX_LIBRARY = "libc++";
				CLANG_ENABLE_MODULES = YES;
				CLANG_ENABLE_OBJC_ARC = YES;
				CLANG_WARN_BOOL_CONVERSION = YES;
				CLANG_WARN_CONSTANT_CONVERSION = YES;
				CLANG_WARN_DIRECT_OBJC_ISA_USAGE = YES_ERROR;
				CLANG_WARN_EMPTY_BODY = YES;
				CLANG_WARN_ENUM_CONVERSION = YES;
				CLANG_WARN_INT_CONVERSION = YES;
				CLANG_WARN_OBJC_ROOT_CLASS = YES_ERROR;
				CLANG_WARN_UNREACHABLE_CODE = YES;
				CLANG_WARN__DUPLICATE_METHOD_MATCH = YES;
				"CODE_SIGN_IDENTITY[sdk=iphoneos*]" = "iPhone Developer";
				COPY_PHASE_STRIP = NO;
				DEBUG_INFORMATION_FORMAT = dwarf;
				ENABLE_STRICT_OBJC_MSGSEND = YES;
				ENABLE_TESTABILITY = YES;
				GCC_C_LANGUAGE_STANDARD = gnu99;
				GCC_DYNAMIC_NO_PIC = NO;
				GCC_NO_COMMON_BLOCKS = YES;
				GCC_OPTIMIZATION_LEVEL = 0;
				GCC_PREPROCESSOR_DEFINITIONS = (
					"DEBUG=1",
					"$(inherited)",
				);
				GCC_WARN_64_TO_32_BIT_CONVERSION = YES;
				GCC_WARN_ABOUT_RETURN_TYPE = YES_ERROR;
				GCC_WARN_UNDECLARED_SELECTOR = YES;
				GCC_WARN_UNINITIALIZED_AUTOS = YES_AGGRESSIVE;
				GCC_WARN_UNUSED_FUNCTION = YES;
				GCC_WARN_UNUSED_VARIABLE = YES;
				IPHONEOS_DEPLOYMENT_TARGET = 9.2;
				MTL_ENABLE_DEBUG_INFO = YES;
				ONLY_ACTIVE_ARCH = YES;
				SDKROOT = iphoneos;
				SWIFT_OPTIMIZATION_LEVEL = "-Onone";
			};
			name = Debug;
		};
		84A4266F1CBC964C00CAC2F2 /* Release */ = {
			isa = XCBuildConfiguration;
			buildSettings = {
				ALWAYS_SEARCH_USER_PATHS = NO;
				CLANG_CXX_LANGUAGE_STANDARD = "gnu++0x";
				CLANG_CXX_LIBRARY = "libc++";
				CLANG_ENABLE_MODULES = YES;
				CLANG_ENABLE_OBJC_ARC = YES;
				CLANG_WARN_BOOL_CONVERSION = YES;
				CLANG_WARN_CONSTANT_CONVERSION = YES;
				CLANG_WARN_DIRECT_OBJC_ISA_USAGE = YES_ERROR;
				CLANG_WARN_EMPTY_BODY = YES;
				CLANG_WARN_ENUM_CONVERSION = YES;
				CLANG_WARN_INT_CONVERSION = YES;
				CLANG_WARN_OBJC_ROOT_CLASS = YES_ERROR;
				CLANG_WARN_UNREACHABLE_CODE = YES;
				CLANG_WARN__DUPLICATE_METHOD_MATCH = YES;
				"CODE_SIGN_IDENTITY[sdk=iphoneos*]" = "iPhone Developer";
				COPY_PHASE_STRIP = NO;
				DEBUG_INFORMATION_FORMAT = "dwarf-with-dsym";
				ENABLE_NS_ASSERTIONS = NO;
				ENABLE_STRICT_OBJC_MSGSEND = YES;
				GCC_C_LANGUAGE_STANDARD = gnu99;
				GCC_NO_COMMON_BLOCKS = YES;
				GCC_WARN_64_TO_32_BIT_CONVERSION = YES;
				GCC_WARN_ABOUT_RETURN_TYPE = YES_ERROR;
				GCC_WARN_UNDECLARED_SELECTOR = YES;
				GCC_WARN_UNINITIALIZED_AUTOS = YES_AGGRESSIVE;
				GCC_WARN_UNUSED_FUNCTION = YES;
				GCC_WARN_UNUSED_VARIABLE = YES;
				IPHONEOS_DEPLOYMENT_TARGET = 9.2;
				MTL_ENABLE_DEBUG_INFO = NO;
				SDKROOT = iphoneos;
				VALIDATE_PRODUCT = YES;
			};
			name = Release;
		};
		84A426711CBC964C00CAC2F2 /* Debug */ = {
			isa = XCBuildConfiguration;
			buildSettings = {
				ASSETCATALOG_COMPILER_APPICON_NAME = AppIcon;
				INFOPLIST_FILE = "Simple Table/Info.plist";
				LD_RUNPATH_SEARCH_PATHS = "$(inherited) @executable_path/Frameworks";
				PRODUCT_BUNDLE_IDENTIFIER = "com.morra.Simple-Table";
				PRODUCT_NAME = "$(TARGET_NAME)";
			};
			name = Debug;
		};
		84A426721CBC964C00CAC2F2 /* Release */ = {
			isa = XCBuildConfiguration;
			buildSettings = {
				ASSETCATALOG_COMPILER_APPICON_NAME = AppIcon;
				INFOPLIST_FILE = "Simple Table/Info.plist";
				LD_RUNPATH_SEARCH_PATHS = "$(inherited) @executable_path/Frameworks";
				PRODUCT_BUNDLE_IDENTIFIER = "com.morra.Simple-Table";
				PRODUCT_NAME = "$(TARGET_NAME)";
			};
			name = Release;
		};
		84A426741CBC964C00CAC2F2 /* Debug */ = {
			isa = XCBuildConfiguration;
			buildSettings = {
				BUNDLE_LOADER = "$(TEST_HOST)";
				INFOPLIST_FILE = "Simple TableTests/Info.plist";
				LD_RUNPATH_SEARCH_PATHS = "$(inherited) @executable_path/Frameworks @loader_path/Frameworks";
				PRODUCT_BUNDLE_IDENTIFIER = "com.morra.Simple-TableTests";
				PRODUCT_NAME = "$(TARGET_NAME)";
				TEST_HOST = "$(BUILT_PRODUCTS_DIR)/Simple Table.app/Simple Table";
			};
			name = Debug;
		};
		84A426751CBC964C00CAC2F2 /* Release */ = {
			isa = XCBuildConfiguration;
			buildSettings = {
				BUNDLE_LOADER = "$(TEST_HOST)";
				INFOPLIST_FILE = "Simple TableTests/Info.plist";
				LD_RUNPATH_SEARCH_PATHS = "$(inherited) @executable_path/Frameworks @loader_path/Frameworks";
				PRODUCT_BUNDLE_IDENTIFIER = "com.morra.Simple-TableTests";
				PRODUCT_NAME = "$(TARGET_NAME)";
				TEST_HOST = "$(BUILT_PRODUCTS_DIR)/Simple Table.app/Simple Table";
			};
			name = Release;
		};
		84A426771CBC964C00CAC2F2 /* Debug */ = {
			isa = XCBuildConfiguration;
			buildSettings = {
				INFOPLIST_FILE = "Simple TableUITests/Info.plist";
				LD_RUNPATH_SEARCH_PATHS = "$(inherited) @executable_path/Frameworks @loader_path/Frameworks";
				PRODUCT_BUNDLE_IDENTIFIER = "com.morra.Simple-TableUITests";
				PRODUCT_NAME = "$(TARGET_NAME)";
				TEST_TARGET_NAME = "Simple Table";
				USES_XCTRUNNER = YES;
			};
			name = Debug;
		};
		84A426781CBC964C00CAC2F2 /* Release */ = {
			isa = XCBuildConfiguration;
			buildSettings = {
				INFOPLIST_FILE = "Simple TableUITests/Info.plist";
				LD_RUNPATH_SEARCH_PATHS = "$(inherited) @executable_path/Frameworks @loader_path/Frameworks";
				PRODUCT_BUNDLE_IDENTIFIER = "com.morra.Simple-TableUITests";
				PRODUCT_NAME = "$(TARGET_NAME)";
				TEST_TARGET_NAME = "Simple Table";
				USES_XCTRUNNER = YES;
			};
			name = Release;
		};
/* End XCBuildConfiguration section */

/* Begin XCConfigurationList section */
		84A426431CBC964B00CAC2F2 /* Build configuration list for PBXProject "Simple Table" */ = {
			isa = XCConfigurationList;
			buildConfigurations = (
				84A4266E1CBC964C00CAC2F2 /* Debug */,
				84A4266F1CBC964C00CAC2F2 /* Release */,
			);
			defaultConfigurationIsVisible = 0;
			defaultConfigurationName = Release;
		};
		84A426701CBC964C00CAC2F2 /* Build configuration list for PBXNativeTarget "Simple Table" */ = {
			isa = XCConfigurationList;
			buildConfigurations = (
				84A426711CBC964C00CAC2F2 /* Debug */,
				84A426721CBC964C00CAC2F2 /* Release */,
			);
			defaultConfigurationIsVisible = 0;
		};
		84A426731CBC964C00CAC2F2 /* Build configuration list for PBXNativeTarget "Simple TableTests" */ = {
			isa = XCConfigurationList;
			buildConfigurations = (
				84A426741CBC964C00CAC2F2 /* Debug */,
				84A426751CBC964C00CAC2F2 /* Release */,
			);
			defaultConfigurationIsVisible = 0;
		};
		84A426761CBC964C00CAC2F2 /* Build configuration list for PBXNativeTarget "Simple TableUITests" */ = {
			isa = XCConfigurationList;
			buildConfigurations = (
				84A426771CBC964C00CAC2F2 /* Debug */,
				84A426781CBC964C00CAC2F2 /* Release */,
			);
			defaultConfigurationIsVisible = 0;
		};
/* End XCConfigurationList section */
	};
	rootObject = 84A426401CBC964B00CAC2F2 /* Project object */;
}
